
Microsoft Visual Studio Solution File, Format Version 12.00
# Visual Studio Version 16
VisualStudioVersion = 16.0.31105.61
MinimumVisualStudioVersion = 10.0.40219.1
Project("{FAE04EC0-301F-11D3-BF4B-00C04F79EFBC}") = "OderFoodOnline", "OderFoodOnline\OderFoodOnline.csproj", "{AD163BA8-03B3-4195-A178-EA6A098D6468}"
EndProject
Project("{FAE04EC0-301F-11D3-BF4B-00C04F79EFBC}") = "Model", "Model\Model.csproj", "{6591A65A-D286-406E-A7D0-D2D6077AA7B5}"
EndProject
Project("{FAE04EC0-301F-11D3-BF4B-00C04F79EFBC}") = "Common", "Common\Common.csproj", "{C1E7CF21-8ED3-4F30-82D4-F974D9E4C86B}"
EndProject
Global
	GlobalSection(SolutionConfigurationPlatforms) = preSolution
		Debug|Any CPU = Debug|Any CPU
		Release|Any CPU = Release|Any CPU
	EndGlobalSection
	GlobalSection(ProjectConfigurationPlatforms) = postSolution
		{AD163BA8-03B3-4195-A178-EA6A098D6468}.Debug|Any CPU.ActiveCfg = Debug|Any CPU
		{AD163BA8-03B3-4195-A178-EA6A098D6468}.Debug|Any CPU.Build.0 = Debug|Any CPU
		{AD163BA8-03B3-4195-A178-EA6A098D6468}.Release|Any CPU.ActiveCfg = Release|Any CPU
		{AD163BA8-03B3-4195-A178-EA6A098D6468}.Release|Any CPU.Build.0 = Release|Any CPU
		{6591A65A-D286-406E-A7D0-D2D6077AA7B5}.Debug|Any CPU.ActiveCfg = Debug|Any CPU
		{6591A65A-D286-406E-A7D0-D2D6077AA7B5}.Debug|Any CPU.Build.0 = Debug|Any CPU
		{6591A65A-D286-406E-A7D0-D2D6077AA7B5}.Release|Any CPU.ActiveCfg = Release|Any CPU
		{6591A65A-D286-406E-A7D0-D2D6077AA7B5}.Release|Any CPU.Build.0 = Release|Any CPU
		{C1E7CF21-8ED3-4F30-82D4-F974D9E4C86B}.Debug|Any CPU.ActiveCfg = Debug|Any CPU
		{C1E7CF21-8ED3-4F30-82D4-F974D9E4C86B}.Debug|Any CPU.Build.0 = Debug|Any CPU
		{C1E7CF21-8ED3-4F30-82D4-F974D9E4C86B}.Release|Any CPU.ActiveCfg = Release|Any CPU
		{C1E7CF21-8ED3-4F30-82D4-F974D9E4C86B}.Release|Any CPU.Build.0 = Release|Any CPU
	EndGlobalSection
	GlobalSection(SolutionProperties) = preSolution
		HideSolutionNode = FALSE
	EndGlobalSection
	GlobalSection(ExtensibilityGlobals) = postSolution
		SolutionGuid = {07682C03-1FB1-4135-ADB1-864FDBA8B8C8}
	EndGlobalSection
EndGlobal
